<Solution>
  <Project Path="samples/ImageBox.Sample/ImageBox.Sample.csproj">
    <Build Solution="Debug|*" Project="false" />
  </Project>
  <Project Path="src/ImageBox/ImageBox.csproj">
    <Build Solution="Debug|*" Project="false" />
  </Project>
  <Project Path="tests/ImageBox.Tests/ImageBox.Tests.csproj">
    <Build Solution="Debug|*" Project="false" />
  </Project>
</Solution>
